
Microsoft Visual Studio Solution File, Format Version 12.00
# Visual Studio Version 17
VisualStudioVersion = 17.14.36127.28 d17.14
MinimumVisualStudioVersion = 10.0.40219.1
Project("{FAE04EC0-301F-11D3-BF4B-00C04F79EFBC}") = "CH06", "CH06\CH06.csproj", "{68CAF44B-50D3-42E7-9E38-A80DA2580781}"
EndProject
Global
	GlobalSection(SolutionConfigurationPlatforms) = preSolution
		Debug|Any CPU = Debug|Any CPU
		Release|Any CPU = Release|Any CPU
	EndGlobalSection
	GlobalSection(ProjectConfigurationPlatforms) = postSolution
		{68CAF44B-50D3-42E7-9E38-A80DA2580781}.Debug|Any CPU.ActiveCfg = Debug|Any CPU
		{68CAF44B-50D3-42E7-9E38-A80DA2580781}.Debug|Any CPU.Build.0 = Debug|Any CPU
		{68CAF44B-50D3-42E7-9E38-A80DA2580781}.Release|Any CPU.ActiveCfg = Release|Any CPU
		{68CAF44B-50D3-42E7-9E38-A80DA2580781}.Release|Any CPU.Build.0 = Release|Any CPU
	EndGlobalSection
	GlobalSection(SolutionProperties) = preSolution
		HideSolutionNode = FALSE
	EndGlobalSection
	GlobalSection(ExtensibilityGlobals) = postSolution
		SolutionGuid = {92D61E40-1D8D-4388-94CA-E7A944EF4B06}
	EndGlobalSection
EndGlobal
