
Microsoft Visual Studio Solution File, Format Version 12.00
# Visual Studio Version 17
VisualStudioVersion = 17.14.36109.1 d17.14
MinimumVisualStudioVersion = 10.0.40219.1
Project("{FAE04EC0-301F-11D3-BF4B-00C04F79EFBC}") = "Lab1", "Lab1\Lab1.csproj", "{4F3A41B5-7D41-4B6C-88A0-ACDF4DFCE673}"
EndProject
Project("{FAE04EC0-301F-11D3-BF4B-00C04F79EFBC}") = "Lab2", "Lab2\Lab2.csproj", "{BCD90456-1AB0-4FFF-A5DA-CD97D3A2F40C}"
EndProject
Project("{FAE04EC0-301F-11D3-BF4B-00C04F79EFBC}") = "Lab3", "Lab3\Lab3.csproj", "{1C0AB405-3720-4FAC-8A9D-92EE17FFA940}"
EndProject
Global
	GlobalSection(SolutionConfigurationPlatforms) = preSolution
		Debug|Any CPU = Debug|Any CPU
		Release|Any CPU = Release|Any CPU
	EndGlobalSection
	GlobalSection(ProjectConfigurationPlatforms) = postSolution
		{4F3A41B5-7D41-4B6C-88A0-ACDF4DFCE673}.Debug|Any CPU.ActiveCfg = Debug|Any CPU
		{4F3A41B5-7D41-4B6C-88A0-ACDF4DFCE673}.Debug|Any CPU.Build.0 = Debug|Any CPU
		{4F3A41B5-7D41-4B6C-88A0-ACDF4DFCE673}.Release|Any CPU.ActiveCfg = Release|Any CPU
		{4F3A41B5-7D41-4B6C-88A0-ACDF4DFCE673}.Release|Any CPU.Build.0 = Release|Any CPU
		{BCD90456-1AB0-4FFF-A5DA-CD97D3A2F40C}.Debug|Any CPU.ActiveCfg = Debug|Any CPU
		{BCD90456-1AB0-4FFF-A5DA-CD97D3A2F40C}.Debug|Any CPU.Build.0 = Debug|Any CPU
		{BCD90456-1AB0-4FFF-A5DA-CD97D3A2F40C}.Release|Any CPU.ActiveCfg = Release|Any CPU
		{BCD90456-1AB0-4FFF-A5DA-CD97D3A2F40C}.Release|Any CPU.Build.0 = Release|Any CPU
		{1C0AB405-3720-4FAC-8A9D-92EE17FFA940}.Debug|Any CPU.ActiveCfg = Debug|Any CPU
		{1C0AB405-3720-4FAC-8A9D-92EE17FFA940}.Debug|Any CPU.Build.0 = Debug|Any CPU
		{1C0AB405-3720-4FAC-8A9D-92EE17FFA940}.Release|Any CPU.ActiveCfg = Release|Any CPU
		{1C0AB405-3720-4FAC-8A9D-92EE17FFA940}.Release|Any CPU.Build.0 = Release|Any CPU
	EndGlobalSection
	GlobalSection(SolutionProperties) = preSolution
		HideSolutionNode = FALSE
	EndGlobalSection
	GlobalSection(ExtensibilityGlobals) = postSolution
		SolutionGuid = {AE2AC485-8852-4DA9-AC10-B9774EDD1368}
	EndGlobalSection
EndGlobal
