
Microsoft Visual Studio Solution File, Format Version 12.00
# Visual Studio Version 17
VisualStudioVersion = 17.14.36221.1 d17.14
MinimumVisualStudioVersion = 10.0.40219.1
Project("{FAE04EC0-301F-11D3-BF4B-00C04F79EFBC}") = "Lab1-", "Lab1-\Lab1-.csproj", "{0624F2C3-2CE2-4659-B9FF-B6A99FA4D1CC}"
EndProject
Global
	GlobalSection(SolutionConfigurationPlatforms) = preSolution
		Debug|Any CPU = Debug|Any CPU
		Release|Any CPU = Release|Any CPU
	EndGlobalSection
	GlobalSection(ProjectConfigurationPlatforms) = postSolution
		{0624F2C3-2CE2-4659-B9FF-B6A99FA4D1CC}.Debug|Any CPU.ActiveCfg = Debug|Any CPU
		{0624F2C3-2CE2-4659-B9FF-B6A99FA4D1CC}.Debug|Any CPU.Build.0 = Debug|Any CPU
		{0624F2C3-2CE2-4659-B9FF-B6A99FA4D1CC}.Release|Any CPU.ActiveCfg = Release|Any CPU
		{0624F2C3-2CE2-4659-B9FF-B6A99FA4D1CC}.Release|Any CPU.Build.0 = Release|Any CPU
	EndGlobalSection
	GlobalSection(SolutionProperties) = preSolution
		HideSolutionNode = FALSE
	EndGlobalSection
	GlobalSection(ExtensibilityGlobals) = postSolution
		SolutionGuid = {4791B2E9-0747-4D6C-83C3-AC600C36CA41}
	EndGlobalSection
EndGlobal
