
Microsoft Visual Studio Solution File, Format Version 12.00
# Visual Studio Version 17
VisualStudioVersion = 17.14.36109.1 d17.14
MinimumVisualStudioVersion = 10.0.40219.1
Project("{FAE04EC0-301F-11D3-BF4B-00C04F79EFBC}") = "GradeCalc", "GradeCalc\GradeCalc.csproj", "{6001451F-2884-4AF0-AD49-F18634CE47E9}"
EndProject
Project("{FAE04EC0-301F-11D3-BF4B-00C04F79EFBC}") = "UIcontrols", "UIcontrols\UIcontrols.csproj", "{00AEF125-FBA3-4888-ACB5-3ABFDF7AB9F5}"
EndProject
Global
	GlobalSection(SolutionConfigurationPlatforms) = preSolution
		Debug|Any CPU = Debug|Any CPU
		Release|Any CPU = Release|Any CPU
	EndGlobalSection
	GlobalSection(ProjectConfigurationPlatforms) = postSolution
		{6001451F-2884-4AF0-AD49-F18634CE47E9}.Debug|Any CPU.ActiveCfg = Debug|Any CPU
		{6001451F-2884-4AF0-AD49-F18634CE47E9}.Debug|Any CPU.Build.0 = Debug|Any CPU
		{6001451F-2884-4AF0-AD49-F18634CE47E9}.Debug|Any CPU.Deploy.0 = Debug|Any CPU
		{6001451F-2884-4AF0-AD49-F18634CE47E9}.Release|Any CPU.ActiveCfg = Release|Any CPU
		{6001451F-2884-4AF0-AD49-F18634CE47E9}.Release|Any CPU.Build.0 = Release|Any CPU
		{00AEF125-FBA3-4888-ACB5-3ABFDF7AB9F5}.Debug|Any CPU.ActiveCfg = Debug|Any CPU
		{00AEF125-FBA3-4888-ACB5-3ABFDF7AB9F5}.Debug|Any CPU.Build.0 = Debug|Any CPU
		{00AEF125-FBA3-4888-ACB5-3ABFDF7AB9F5}.Debug|Any CPU.Deploy.0 = Debug|Any CPU
		{00AEF125-FBA3-4888-ACB5-3ABFDF7AB9F5}.Release|Any CPU.ActiveCfg = Release|Any CPU
		{00AEF125-FBA3-4888-ACB5-3ABFDF7AB9F5}.Release|Any CPU.Build.0 = Release|Any CPU
	EndGlobalSection
	GlobalSection(SolutionProperties) = preSolution
		HideSolutionNode = FALSE
	EndGlobalSection
	GlobalSection(ExtensibilityGlobals) = postSolution
		SolutionGuid = {DB33F158-BA37-4B4E-827D-4CEB290A2340}
	EndGlobalSection
EndGlobal
