
Microsoft Visual Studio Solution File, Format Version 12.00
# Visual Studio Version 17
VisualStudioVersion = 17.14.36221.1 d17.14
MinimumVisualStudioVersion = 10.0.40219.1
Project("{FAE04EC0-301F-11D3-BF4B-00C04F79EFBC}") = "EX1", "EX1\EX1.csproj", "{79732B1E-1E84-4485-B3BD-FA3621BE8A3B}"
EndProject
Global
	GlobalSection(SolutionConfigurationPlatforms) = preSolution
		Debug|Any CPU = Debug|Any CPU
		Release|Any CPU = Release|Any CPU
	EndGlobalSection
	GlobalSection(ProjectConfigurationPlatforms) = postSolution
		{79732B1E-1E84-4485-B3BD-FA3621BE8A3B}.Debug|Any CPU.ActiveCfg = Debug|Any CPU
		{79732B1E-1E84-4485-B3BD-FA3621BE8A3B}.Debug|Any CPU.Build.0 = Debug|Any CPU
		{79732B1E-1E84-4485-B3BD-FA3621BE8A3B}.Release|Any CPU.ActiveCfg = Release|Any CPU
		{79732B1E-1E84-4485-B3BD-FA3621BE8A3B}.Release|Any CPU.Build.0 = Release|Any CPU
	EndGlobalSection
	GlobalSection(SolutionProperties) = preSolution
		HideSolutionNode = FALSE
	EndGlobalSection
	GlobalSection(ExtensibilityGlobals) = postSolution
		SolutionGuid = {7BFA416B-3527-481E-8422-D6FD06896C99}
	EndGlobalSection
EndGlobal
